
Microsoft Visual Studio Solution File, Format Version 12.00
# Visual Studio 15
VisualStudioVersion = 15.0.27703.2035
MinimumVisualStudioVersion = 10.0.40219.1
Project("{FAE04EC0-301F-11D3-BF4B-00C04F79EFBC}") = "StellarisSaveEditor", "StellarisSaveEditor\StellarisSaveEditor.csproj", "{EF90C512-476B-4CE1-88A7-D5548570CDDD}"
EndProject
Project("{9A19103F-16F7-4668-BE54-9A1E7A4F7556}") = "StellarisSaveEditor.Models", "StellarisSaveEditor.Models\StellarisSaveEditor.Models.csproj", "{64762B2B-9202-4395-9B12-55B3B9B0E8D3}"
EndProject
Project("{9A19103F-16F7-4668-BE54-9A1E7A4F7556}") = "StellarisSaveEditor.Parser", "StellarisSaveEditor.Parser\StellarisSaveEditor.Parser.csproj", "{3A629335-BC30-4400-A4D9-A404C0F9F23B}"
EndProject
Project("{FAE04EC0-301F-11D3-BF4B-00C04F79EFBC}") = "StellarisSaveEditor.Common", "StellarisSaveEditor.Common\StellarisSaveEditor.Common.csproj", "{CC41ECBF-04B4-40D8-8C8C-3729620F1A42}"
EndProject
Global
	GlobalSection(SolutionConfigurationPlatforms) = preSolution
		Debug|Any CPU = Debug|Any CPU
		Debug|ARM = Debug|ARM
		Debug|x64 = Debug|x64
		Debug|x86 = Debug|x86
		Release|Any CPU = Release|Any CPU
		Release|ARM = Release|ARM
		Release|x64 = Release|x64
		Release|x86 = Release|x86
	EndGlobalSection
	GlobalSection(ProjectConfigurationPlatforms) = postSolution
		{EF90C512-476B-4CE1-88A7-D5548570CDDD}.Debug|Any CPU.ActiveCfg = Debug|x86
		{EF90C512-476B-4CE1-88A7-D5548570CDDD}.Debug|ARM.ActiveCfg = Debug|ARM
		{EF90C512-476B-4CE1-88A7-D5548570CDDD}.Debug|ARM.Build.0 = Debug|ARM
		{EF90C512-476B-4CE1-88A7-D5548570CDDD}.Debug|ARM.Deploy.0 = Debug|ARM
		{EF90C512-476B-4CE1-88A7-D5548570CDDD}.Debug|x64.ActiveCfg = Debug|x64
		{EF90C512-476B-4CE1-88A7-D5548570CDDD}.Debug|x64.Build.0 = Debug|x64
		{EF90C512-476B-4CE1-88A7-D5548570CDDD}.Debug|x64.Deploy.0 = Debug|x64
		{EF90C512-476B-4CE1-88A7-D5548570CDDD}.Debug|x86.ActiveCfg = Debug|x86
		{EF90C512-476B-4CE1-88A7-D5548570CDDD}.Debug|x86.Build.0 = Debug|x86
		{EF90C512-476B-4CE1-88A7-D5548570CDDD}.Debug|x86.Deploy.0 = Debug|x86
		{EF90C512-476B-4CE1-88A7-D5548570CDDD}.Release|Any CPU.ActiveCfg = Release|x86
		{EF90C512-476B-4CE1-88A7-D5548570CDDD}.Release|ARM.ActiveCfg = Release|ARM
		{EF90C512-476B-4CE1-88A7-D5548570CDDD}.Release|ARM.Build.0 = Release|ARM
		{EF90C512-476B-4CE1-88A7-D5548570CDDD}.Release|ARM.Deploy.0 = Release|ARM
		{EF90C512-476B-4CE1-88A7-D5548570CDDD}.Release|x64.ActiveCfg = Release|x64
		{EF90C512-476B-4CE1-88A7-D5548570CDDD}.Release|x64.Build.0 = Release|x64
		{EF90C512-476B-4CE1-88A7-D5548570CDDD}.Release|x64.Deploy.0 = Release|x64
		{EF90C512-476B-4CE1-88A7-D5548570CDDD}.Release|x86.ActiveCfg = Release|x86
		{EF90C512-476B-4CE1-88A7-D5548570CDDD}.Release|x86.Build.0 = Release|x86
		{EF90C512-476B-4CE1-88A7-D5548570CDDD}.Release|x86.Deploy.0 = Release|x86
		{64762B2B-9202-4395-9B12-55B3B9B0E8D3}.Debug|Any CPU.ActiveCfg = Debug|Any CPU
		{64762B2B-9202-4395-9B12-55B3B9B0E8D3}.Debug|Any CPU.Build.0 = Debug|Any CPU
		{64762B2B-9202-4395-9B12-55B3B9B0E8D3}.Debug|ARM.ActiveCfg = Debug|Any CPU
		{64762B2B-9202-4395-9B12-55B3B9B0E8D3}.Debug|ARM.Build.0 = Debug|Any CPU
		{64762B2B-9202-4395-9B12-55B3B9B0E8D3}.Debug|x64.ActiveCfg = Debug|Any CPU
		{64762B2B-9202-4395-9B12-55B3B9B0E8D3}.Debug|x64.Build.0 = Debug|Any CPU
		{64762B2B-9202-4395-9B12-55B3B9B0E8D3}.Debug|x86.ActiveCfg = Debug|Any CPU
		{64762B2B-9202-4395-9B12-55B3B9B0E8D3}.Debug|x86.Build.0 = Debug|Any CPU
		{64762B2B-9202-4395-9B12-55B3B9B0E8D3}.Release|Any CPU.ActiveCfg = Release|Any CPU
		{64762B2B-9202-4395-9B12-55B3B9B0E8D3}.Release|Any CPU.Build.0 = Release|Any CPU
		{64762B2B-9202-4395-9B12-55B3B9B0E8D3}.Release|ARM.ActiveCfg = Release|Any CPU
		{64762B2B-9202-4395-9B12-55B3B9B0E8D3}.Release|ARM.Build.0 = Release|Any CPU
		{64762B2B-9202-4395-9B12-55B3B9B0E8D3}.Release|x64.ActiveCfg = Release|Any CPU
		{64762B2B-9202-4395-9B12-55B3B9B0E8D3}.Release|x64.Build.0 = Release|Any CPU
		{64762B2B-9202-4395-9B12-55B3B9B0E8D3}.Release|x86.ActiveCfg = Release|Any CPU
		{64762B2B-9202-4395-9B12-55B3B9B0E8D3}.Release|x86.Build.0 = Release|Any CPU
		{3A629335-BC30-4400-A4D9-A404C0F9F23B}.Debug|Any CPU.ActiveCfg = Debug|Any CPU
		{3A629335-BC30-4400-A4D9-A404C0F9F23B}.Debug|Any CPU.Build.0 = Debug|Any CPU
		{3A629335-BC30-4400-A4D9-A404C0F9F23B}.Debug|ARM.ActiveCfg = Debug|Any CPU
		{3A629335-BC30-4400-A4D9-A404C0F9F23B}.Debug|ARM.Build.0 = Debug|Any CPU
		{3A629335-BC30-4400-A4D9-A404C0F9F23B}.Debug|x64.ActiveCfg = Debug|Any CPU
		{3A629335-BC30-4400-A4D9-A404C0F9F23B}.Debug|x64.Build.0 = Debug|Any CPU
		{3A629335-BC30-4400-A4D9-A404C0F9F23B}.Debug|x86.ActiveCfg = Debug|Any CPU
		{3A629335-BC30-4400-A4D9-A404C0F9F23B}.Debug|x86.Build.0 = Debug|Any CPU
		{3A629335-BC30-4400-A4D9-A404C0F9F23B}.Release|Any CPU.ActiveCfg = Release|Any CPU
		{3A629335-BC30-4400-A4D9-A404C0F9F23B}.Release|Any CPU.Build.0 = Release|Any CPU
		{3A629335-BC30-4400-A4D9-A404C0F9F23B}.Release|ARM.ActiveCfg = Release|Any CPU
		{3A629335-BC30-4400-A4D9-A404C0F9F23B}.Release|ARM.Build.0 = Release|Any CPU
		{3A629335-BC30-4400-A4D9-A404C0F9F23B}.Release|x64.ActiveCfg = Release|Any CPU
		{3A629335-BC30-4400-A4D9-A404C0F9F23B}.Release|x64.Build.0 = Release|Any CPU
		{3A629335-BC30-4400-A4D9-A404C0F9F23B}.Release|x86.ActiveCfg = Release|Any CPU
		{3A629335-BC30-4400-A4D9-A404C0F9F23B}.Release|x86.Build.0 = Release|Any CPU
		{CC41ECBF-04B4-40D8-8C8C-3729620F1A42}.Debug|Any CPU.ActiveCfg = Debug|Any CPU
		{CC41ECBF-04B4-40D8-8C8C-3729620F1A42}.Debug|Any CPU.Build.0 = Debug|Any CPU
		{CC41ECBF-04B4-40D8-8C8C-3729620F1A42}.Debug|ARM.ActiveCfg = Debug|Any CPU
		{CC41ECBF-04B4-40D8-8C8C-3729620F1A42}.Debug|ARM.Build.0 = Debug|Any CPU
		{CC41ECBF-04B4-40D8-8C8C-3729620F1A42}.Debug|x64.ActiveCfg = Debug|Any CPU
		{CC41ECBF-04B4-40D8-8C8C-3729620F1A42}.Debug|x64.Build.0 = Debug|Any CPU
		{CC41ECBF-04B4-40D8-8C8C-3729620F1A42}.Debug|x86.ActiveCfg = Debug|Any CPU
		{CC41ECBF-04B4-40D8-8C8C-3729620F1A42}.Debug|x86.Build.0 = Debug|Any CPU
		{CC41ECBF-04B4-40D8-8C8C-3729620F1A42}.Release|Any CPU.ActiveCfg = Release|Any CPU
		{CC41ECBF-04B4-40D8-8C8C-3729620F1A42}.Release|Any CPU.Build.0 = Release|Any CPU
		{CC41ECBF-04B4-40D8-8C8C-3729620F1A42}.Release|ARM.ActiveCfg = Release|Any CPU
		{CC41ECBF-04B4-40D8-8C8C-3729620F1A42}.Release|ARM.Build.0 = Release|Any CPU
		{CC41ECBF-04B4-40D8-8C8C-3729620F1A42}.Release|x64.ActiveCfg = Release|Any CPU
		{CC41ECBF-04B4-40D8-8C8C-3729620F1A42}.Release|x64.Build.0 = Release|Any CPU
		{CC41ECBF-04B4-40D8-8C8C-3729620F1A42}.Release|x86.ActiveCfg = Release|Any CPU
		{CC41ECBF-04B4-40D8-8C8C-3729620F1A42}.Release|x86.Build.0 = Release|Any CPU
	EndGlobalSection
	GlobalSection(SolutionProperties) = preSolution
		HideSolutionNode = FALSE
	EndGlobalSection
	GlobalSection(ExtensibilityGlobals) = postSolution
		SolutionGuid = {22F44275-4975-4332-A7DE-88858144DFD0}
	EndGlobalSection
EndGlobal
